
Microsoft Visual Studio Solution File, Format Version 12.00
# Visual Studio Version 16
VisualStudioVersion = 16.0.31702.278
MinimumVisualStudioVersion = 10.0.40219.1
Project("{FAE04EC0-301F-11D3-BF4B-00C04F79EFBC}") = "ex20", "ex20\ex20.csproj", "{2593DB27-E588-43E7-B212-49D73D7DCC63}"
EndProject
Global
	GlobalSection(SolutionConfigurationPlatforms) = preSolution
		Debug|Any CPU = Debug|Any CPU
		Release|Any CPU = Release|Any CPU
	EndGlobalSection
	GlobalSection(ProjectConfigurationPlatforms) = postSolution
		{2593DB27-E588-43E7-B212-49D73D7DCC63}.Debug|Any CPU.ActiveCfg = Debug|Any CPU
		{2593DB27-E588-43E7-B212-49D73D7DCC63}.Debug|Any CPU.Build.0 = Debug|Any CPU
		{2593DB27-E588-43E7-B212-49D73D7DCC63}.Release|Any CPU.ActiveCfg = Release|Any CPU
		{2593DB27-E588-43E7-B212-49D73D7DCC63}.Release|Any CPU.Build.0 = Release|Any CPU
	EndGlobalSection
	GlobalSection(SolutionProperties) = preSolution
		HideSolutionNode = FALSE
	EndGlobalSection
	GlobalSection(ExtensibilityGlobals) = postSolution
		SolutionGuid = {893163EE-2963-4463-8021-FA1CA0967331}
	EndGlobalSection
EndGlobal
