
Microsoft Visual Studio Solution File, Format Version 12.00
# Visual Studio Version 16
VisualStudioVersion = 16.0.31702.278
MinimumVisualStudioVersion = 10.0.40219.1
Project("{FAE04EC0-301F-11D3-BF4B-00C04F79EFBC}") = "ex10", "ex10\ex10.csproj", "{0F5F6B96-A2CA-4BD4-8423-B90D9B67523B}"
EndProject
Global
	GlobalSection(SolutionConfigurationPlatforms) = preSolution
		Debug|Any CPU = Debug|Any CPU
		Release|Any CPU = Release|Any CPU
	EndGlobalSection
	GlobalSection(ProjectConfigurationPlatforms) = postSolution
		{0F5F6B96-A2CA-4BD4-8423-B90D9B67523B}.Debug|Any CPU.ActiveCfg = Debug|Any CPU
		{0F5F6B96-A2CA-4BD4-8423-B90D9B67523B}.Debug|Any CPU.Build.0 = Debug|Any CPU
		{0F5F6B96-A2CA-4BD4-8423-B90D9B67523B}.Release|Any CPU.ActiveCfg = Release|Any CPU
		{0F5F6B96-A2CA-4BD4-8423-B90D9B67523B}.Release|Any CPU.Build.0 = Release|Any CPU
	EndGlobalSection
	GlobalSection(SolutionProperties) = preSolution
		HideSolutionNode = FALSE
	EndGlobalSection
	GlobalSection(ExtensibilityGlobals) = postSolution
		SolutionGuid = {27CF4B1E-BAFF-4A82-A3BB-FA94B3D5D7F3}
	EndGlobalSection
EndGlobal
