
Microsoft Visual Studio Solution File, Format Version 12.00
# Visual Studio Version 16
VisualStudioVersion = 16.0.31702.278
MinimumVisualStudioVersion = 10.0.40219.1
Project("{9A19103F-16F7-4668-BE54-9A1E7A4F7556}") = "ex14", "ex14\ex14.csproj", "{78030BBD-89D6-40F6-B70A-EC41143D662A}"
EndProject
Global
	GlobalSection(SolutionConfigurationPlatforms) = preSolution
		Debug|Any CPU = Debug|Any CPU
		Release|Any CPU = Release|Any CPU
	EndGlobalSection
	GlobalSection(ProjectConfigurationPlatforms) = postSolution
		{78030BBD-89D6-40F6-B70A-EC41143D662A}.Debug|Any CPU.ActiveCfg = Debug|Any CPU
		{78030BBD-89D6-40F6-B70A-EC41143D662A}.Debug|Any CPU.Build.0 = Debug|Any CPU
		{78030BBD-89D6-40F6-B70A-EC41143D662A}.Release|Any CPU.ActiveCfg = Release|Any CPU
		{78030BBD-89D6-40F6-B70A-EC41143D662A}.Release|Any CPU.Build.0 = Release|Any CPU
	EndGlobalSection
	GlobalSection(SolutionProperties) = preSolution
		HideSolutionNode = FALSE
	EndGlobalSection
	GlobalSection(ExtensibilityGlobals) = postSolution
		SolutionGuid = {AF479573-C956-42B3-ACA7-4C134755E977}
	EndGlobalSection
EndGlobal
